{
  "nodes": {
    "flake-utils": {
      "inputs": {
        "systems": "systems"
      },
      "locked": {
        "lastModified": 1731533236,
        "narHash": "sha256-l0KFg5HjrsfsO/JpG+r7fRrqm12kzFHyUHqHCVpMMbI=",
        "owner": "numtide",
        "repo": "flake-utils",
        "rev": "11707dc2f618dd54ca8739b309ec4fc024de578b",
        "type": "github"
      },
      "original": {
        "owner": "numtide",
        "repo": "flake-utils",
        "type": "github"
      }
    },
    "home-manager": {
      "inputs": {
        "nixpkgs": [
          "nixpkgs"
        ]
      },
      "locked": {
        "lastModified": 1770318660,
        "narHash": "sha256-yFVde8QZK7Dc0Xa8eQDsmxLX4NJNfL1NKfctSyiQgMY=",
        "owner": "nix-community",
        "repo": "home-manager",
        "rev": "471e6a065f9efed51488d7c51a9abbd387df91b8",
        "type": "github"
      },
      "original": {
        "owner": "nix-community",
        "repo": "home-manager",
        "type": "github"
      }
    },
    "jj-analyze-src": {
      "flake": false,
      "locked": {
        "lastModified": 1772758637,
        "narHash": "sha256-++B59emG53j0phThla6UC8JV+c+561RkW183OHYxRMo=",
        "owner": "scott2000",
        "repo": "jj-analyze",
        "rev": "5c90172202f40314141fcd5c6ef4cd9bd121b913",
        "type": "github"
      },
      "original": {
        "owner": "scott2000",
        "repo": "jj-analyze",
        "type": "github"
      }
    },
    "jujutsu-latest": {
      "inputs": {
        "flake-utils": "flake-utils",
        "nixpkgs": "nixpkgs",
        "rust-overlay": "rust-overlay"
      },
      "locked": {
        "lastModified": 1772682953,
        "narHash": "sha256-D6JAZ9CaCqCzTaY4FCDsT9X+ZhSFLoOpAI5nFAaJTUc=",
        "owner": "jj-vcs",
        "repo": "jj",
        "rev": "ee240351d9cfd73a9785d17a5d5c16e7953669a8",
        "type": "github"
      },
      "original": {
        "owner": "jj-vcs",
        "ref": "main",
        "repo": "jj",
        "type": "github"
      }
    },
    "nixos-hardware": {
      "locked": {
        "lastModified": 1769302137,
        "narHash": "sha256-QEDtctEkOsbx8nlFh4yqPEOtr4tif6KTqWwJ37IM2ds=",
        "owner": "NixOS",
        "repo": "nixos-hardware",
        "rev": "a351494b0e35fd7c0b7a1aae82f0afddf4907aa8",
        "type": "github"
      },
      "original": {
        "owner": "NixOS",
        "repo": "nixos-hardware",
        "type": "github"
      }
    },
    "nixpkgs": {
      "locked": {
        "lastModified": 1769433173,
        "narHash": "sha256-Gf1dFYgD344WZ3q0LPlRoWaNdNQq8kSBDLEWulRQSEs=",
        "owner": "NixOS",
        "repo": "nixpkgs",
        "rev": "13b0f9e6ac78abbbb736c635d87845c4f4bee51b",
        "type": "github"
      },
      "original": {
        "owner": "NixOS",
        "ref": "nixpkgs-unstable",
        "repo": "nixpkgs",
        "type": "github"
      }
    },
    "nixpkgs_2": {
      "locked": {
        "lastModified": 1770197578,
        "narHash": "sha256-AYqlWrX09+HvGs8zM6ebZ1pwUqjkfpnv8mewYwAo+iM=",
        "owner": "NixOS",
        "repo": "nixpkgs",
        "rev": "00c21e4c93d963c50d4c0c89bfa84ed6e0694df2",
        "type": "github"
      },
      "original": {
        "owner": "NixOS",
        "ref": "nixos-unstable",
        "repo": "nixpkgs",
        "type": "github"
      }
    },
    "root": {
      "inputs": {
        "home-manager": "home-manager",
        "jj-analyze-src": "jj-analyze-src",
        "jujutsu-latest": "jujutsu-latest",
        "nixos-hardware": "nixos-hardware",
        "nixpkgs": "nixpkgs_2",
        "vim-jjdescription-src": "vim-jjdescription-src"
      }
    },
    "rust-overlay": {
      "inputs": {
        "nixpkgs": [
          "jujutsu-latest",
          "nixpkgs"
        ]
      },
      "locked": {
        "lastModified": 1769482338,
        "narHash": "sha256-SVwjMqR981PEdEdRvYj5Mefnd61GLinWmIr7GMu7LW8=",
        "owner": "oxalica",
        "repo": "rust-overlay",
        "rev": "dc9c76a75a6d382613cdcb1a3f95640e9cedcdea",
        "type": "github"
      },
      "original": {
        "owner": "oxalica",
        "repo": "rust-overlay",
        "type": "github"
      }
    },
    "systems": {
      "locked": {
        "lastModified": 1681028828,
        "narHash": "sha256-Vy1rq5AaRuLzOxct8nz4T6wlgyUR7zLU309k9mBC768=",
        "owner": "nix-systems",
        "repo": "default",
        "rev": "da67096a3b9bf56a91d16901293e51ba5b49a27e",
        "type": "github"
      },
      "original": {
        "owner": "nix-systems",
        "repo": "default",
        "type": "github"
      }
    },
    "vim-jjdescription-src": {
      "flake": false,
      "locked": {
        "lastModified": 1746728970,
        "narHash": "sha256-IIiBJlGmdYntwqizUy2xB8hhBJBGa1ASK9hmN8xZEvk=",
        "owner": "avm99963",
        "repo": "vim-jjdescription",
        "rev": "c99bff42e7afff356514ae5b3f225665bf10b57c",
        "type": "github"
      },
      "original": {
        "owner": "avm99963",
        "repo": "vim-jjdescription",
        "type": "github"
      }
    }
  },
  "root": "root",
  "version": 7
}
